{
  "name": "bill-paymint",
  "lockfileVersion": 3,
  "requires": true,
  "packages": {
    "": {
      "dependencies": {
        "email-js": "^2.0.3"
      }
    },
    "node_modules/email-js": {
      "version": "2.0.3",
      "resolved": "https://registry.npmjs.org/email-js/-/email-js-2.0.3.tgz",
      "integrity": "sha512-lLuHPiC8L0cdeppJv7WHa9MsghWVlMWO+NGVwKm9QFFJue/lT5i1o4l/g2nJqalrTCSG5tiUOBhq2y0cCIWRiw==",
      "engines": {
        "node": ">=v4.2.1"
      }
    }
  }
}
